
Microsoft Visual Studio Solution File, Format Version 12.00
# Visual Studio Version 17
VisualStudioVersion = 17.10.34928.147
MinimumVisualStudioVersion = 10.0.40219.1
Project("{FAE04EC0-301F-11D3-BF4B-00C04F79EFBC}") = "FoodAndDrink", "FoodAndDrink\FoodAndDrink.csproj", "{A45387E6-514F-48D3-888E-AE408649E646}"
EndProject
Global
	GlobalSection(SolutionConfigurationPlatforms) = preSolution
		Debug|Any CPU = Debug|Any CPU
		Release|Any CPU = Release|Any CPU
	EndGlobalSection
	GlobalSection(ProjectConfigurationPlatforms) = postSolution
		{A45387E6-514F-48D3-888E-AE408649E646}.Debug|Any CPU.ActiveCfg = Debug|Any CPU
		{A45387E6-514F-48D3-888E-AE408649E646}.Debug|Any CPU.Build.0 = Debug|Any CPU
		{A45387E6-514F-48D3-888E-AE408649E646}.Release|Any CPU.ActiveCfg = Release|Any CPU
		{A45387E6-514F-48D3-888E-AE408649E646}.Release|Any CPU.Build.0 = Release|Any CPU
	EndGlobalSection
	GlobalSection(SolutionProperties) = preSolution
		HideSolutionNode = FALSE
	EndGlobalSection
	GlobalSection(ExtensibilityGlobals) = postSolution
		SolutionGuid = {3458790C-5DC2-4551-ABC9-6B1ED1C559F5}
	EndGlobalSection
EndGlobal
